
Microsoft Visual Studio Solution File, Format Version 12.00
# Visual Studio Version 16
VisualStudioVersion = 16.0.30717.126
MinimumVisualStudioVersion = 10.0.40219.1
Project("{FAE04EC0-301F-11D3-BF4B-00C04F79EFBC}") = "QLTV", "QLTV\QLTV.csproj", "{FFA66941-C18A-44CD-B5ED-516E11334E02}"
EndProject
Global
	GlobalSection(SolutionConfigurationPlatforms) = preSolution
		Debug|Any CPU = Debug|Any CPU
		Release|Any CPU = Release|Any CPU
	EndGlobalSection
	GlobalSection(ProjectConfigurationPlatforms) = postSolution
		{FFA66941-C18A-44CD-B5ED-516E11334E02}.Debug|Any CPU.ActiveCfg = Debug|Any CPU
		{FFA66941-C18A-44CD-B5ED-516E11334E02}.Debug|Any CPU.Build.0 = Debug|Any CPU
		{FFA66941-C18A-44CD-B5ED-516E11334E02}.Release|Any CPU.ActiveCfg = Release|Any CPU
		{FFA66941-C18A-44CD-B5ED-516E11334E02}.Release|Any CPU.Build.0 = Release|Any CPU
	EndGlobalSection
	GlobalSection(SolutionProperties) = preSolution
		HideSolutionNode = FALSE
	EndGlobalSection
	GlobalSection(ExtensibilityGlobals) = postSolution
		SolutionGuid = {9C422A88-57E2-4A2F-BEFE-31BB5D07B872}
	EndGlobalSection
EndGlobal
